
Microsoft Visual Studio Solution File, Format Version 12.00
# Visual Studio Version 16
VisualStudioVersion = 16.0.31911.196
MinimumVisualStudioVersion = 10.0.40219.1
Project("{FAE04EC0-301F-11D3-BF4B-00C04F79EFBC}") = "ReorderingPhotos.CoreLib", "ReorderingPhotos.CoreLib\ReorderingPhotos.CoreLib.csproj", "{78144285-9B35-4C28-B6B9-058554A41886}"
EndProject
Project("{FAE04EC0-301F-11D3-BF4B-00C04F79EFBC}") = "ReorderingPhotos.UI", "ReorderingPhotos.UI\ReorderingPhotos.UI.csproj", "{71436712-0EA4-40AA-A940-10F5C3F2D12A}"
EndProject
Global
	GlobalSection(SolutionConfigurationPlatforms) = preSolution
		Debug|Any CPU = Debug|Any CPU
		Release|Any CPU = Release|Any CPU
	EndGlobalSection
	GlobalSection(ProjectConfigurationPlatforms) = postSolution
		{78144285-9B35-4C28-B6B9-058554A41886}.Debug|Any CPU.ActiveCfg = Debug|Any CPU
		{78144285-9B35-4C28-B6B9-058554A41886}.Debug|Any CPU.Build.0 = Debug|Any CPU
		{78144285-9B35-4C28-B6B9-058554A41886}.Release|Any CPU.ActiveCfg = Release|Any CPU
		{78144285-9B35-4C28-B6B9-058554A41886}.Release|Any CPU.Build.0 = Release|Any CPU
		{71436712-0EA4-40AA-A940-10F5C3F2D12A}.Debug|Any CPU.ActiveCfg = Debug|Any CPU
		{71436712-0EA4-40AA-A940-10F5C3F2D12A}.Debug|Any CPU.Build.0 = Debug|Any CPU
		{71436712-0EA4-40AA-A940-10F5C3F2D12A}.Release|Any CPU.ActiveCfg = Release|Any CPU
		{71436712-0EA4-40AA-A940-10F5C3F2D12A}.Release|Any CPU.Build.0 = Release|Any CPU
	EndGlobalSection
	GlobalSection(SolutionProperties) = preSolution
		HideSolutionNode = FALSE
	EndGlobalSection
	GlobalSection(ExtensibilityGlobals) = postSolution
		SolutionGuid = {6177CB88-181B-4320-8A85-AA0E819FD3F8}
	EndGlobalSection
EndGlobal
